
Microsoft Visual Studio Solution File, Format Version 12.00
# Visual Studio Version 16
VisualStudioVersion = 16.0.32510.428
MinimumVisualStudioVersion = 10.0.40219.1
Project("{9A19103F-16F7-4668-BE54-9A1E7A4F7556}") = "E-GroceryStoreWebApi", "E-GroceryStoreWebApi\E-GroceryStoreWebApi.csproj", "{F6F0CF08-CA1D-421E-8A7B-BA752EF65246}"
EndProject
Project("{FAE04EC0-301F-11D3-BF4B-00C04F79EFBC}") = "UnitTest", "UnitTest\UnitTest.csproj", "{A09EFF7E-39DF-443D-A7A0-76048F989AA5}"
EndProject
Global
	GlobalSection(SolutionConfigurationPlatforms) = preSolution
		Debug|Any CPU = Debug|Any CPU
		Release|Any CPU = Release|Any CPU
	EndGlobalSection
	GlobalSection(ProjectConfigurationPlatforms) = postSolution
		{F6F0CF08-CA1D-421E-8A7B-BA752EF65246}.Debug|Any CPU.ActiveCfg = Debug|Any CPU
		{F6F0CF08-CA1D-421E-8A7B-BA752EF65246}.Debug|Any CPU.Build.0 = Debug|Any CPU
		{F6F0CF08-CA1D-421E-8A7B-BA752EF65246}.Release|Any CPU.ActiveCfg = Release|Any CPU
		{F6F0CF08-CA1D-421E-8A7B-BA752EF65246}.Release|Any CPU.Build.0 = Release|Any CPU
		{A09EFF7E-39DF-443D-A7A0-76048F989AA5}.Debug|Any CPU.ActiveCfg = Debug|Any CPU
		{A09EFF7E-39DF-443D-A7A0-76048F989AA5}.Debug|Any CPU.Build.0 = Debug|Any CPU
		{A09EFF7E-39DF-443D-A7A0-76048F989AA5}.Release|Any CPU.ActiveCfg = Release|Any CPU
		{A09EFF7E-39DF-443D-A7A0-76048F989AA5}.Release|Any CPU.Build.0 = Release|Any CPU
	EndGlobalSection
	GlobalSection(SolutionProperties) = preSolution
		HideSolutionNode = FALSE
	EndGlobalSection
	GlobalSection(ExtensibilityGlobals) = postSolution
		SolutionGuid = {2AA13F35-AC42-4D00-B95B-7791FA7AA791}
	EndGlobalSection
EndGlobal
